// !$*UTF8*$!
{
	archiveVersion = 1;
	classes = {
	};
	objectVersion = 42;
	objects = {

/* Begin PBXBuildFile section */
		2F425626154EB5BE00B92EE1 /* tinyxml.cpp in Sources */ = {isa = PBXBuildFile; fileRef = 2F42561F154EB5BE00B92EE1 /* tinyxml.cpp */; };
		2F425627154EB5BE00B92EE1 /* tinyxmlerror.cpp in Sources */ = {isa = PBXBuildFile; fileRef = 2F425621154EB5BE00B92EE1 /* tinyxmlerror.cpp */; };
		2F425628154EB5BE00B92EE1 /* tinyxmlparser.cpp in Sources */ = {isa = PBXBuildFile; fileRef = 2F425622154EB5BE00B92EE1 /* tinyxmlparser.cpp */; };
		2F425629154EB5BE00B92EE1 /* ofxXmlSettings.cpp in Sources */ = {isa = PBXBuildFile; fileRef = 2F425624154EB5BE00B92EE1 /* ofxXmlSettings.cpp */; };
		2F425844154EB61400B92EE1 /* libJavascript.dylib in Frameworks */ = {isa = PBXBuildFile; fileRef = 2F42581C154EB61400B92EE1 /* libJavascript.dylib */; };
		2F425845154EB61400B92EE1 /* libnspr4.dylib in Frameworks */ = {isa = PBXBuildFile; fileRef = 2F42581D154EB61400B92EE1 /* libnspr4.dylib */; };
		2F42584C154EB61400B92EE1 /* ofxJavascript.cpp in Sources */ = {isa = PBXBuildFile; fileRef = 2F42582E154EB61400B92EE1 /* ofxJavascript.cpp */; };
		2F42584D154EB61400B92EE1 /* ofxJSGlobalFunc.cpp in Sources */ = {isa = PBXBuildFile; fileRef = 2F425830154EB61400B92EE1 /* ofxJSGlobalFunc.cpp */; };
		2F42584E154EB61400B92EE1 /* ofxJSImage.cpp in Sources */ = {isa = PBXBuildFile; fileRef = 2F425832154EB61400B92EE1 /* ofxJSImage.cpp */; };
		2F425850154EB61400B92EE1 /* ofxJSOpenGL.cpp in Sources */ = {isa = PBXBuildFile; fileRef = 2F425835154EB61400B92EE1 /* ofxJSOpenGL.cpp */; };
		2F425851154EB61400B92EE1 /* ofxJSScript.cpp in Sources */ = {isa = PBXBuildFile; fileRef = 2F425837154EB61400B92EE1 /* ofxJSScript.cpp */; };
		2F425852154EB61400B92EE1 /* ofxJSTrueTypeFont.cpp in Sources */ = {isa = PBXBuildFile; fileRef = 2F425839154EB61400B92EE1 /* ofxJSTrueTypeFont.cpp */; };
		2F425853154EB61400B92EE1 /* ofxJSUtils.cpp in Sources */ = {isa = PBXBuildFile; fileRef = 2F42583B154EB61400B92EE1 /* ofxJSUtils.cpp */; };
		2F4258C3154EB8A700B92EE1 /* libJavascript.dylib in CopyFiles */ = {isa = PBXBuildFile; fileRef = 2F42581C154EB61400B92EE1 /* libJavascript.dylib */; };
		2F4258C4154EB8A700B92EE1 /* libnspr4.dylib in CopyFiles */ = {isa = PBXBuildFile; fileRef = 2F42581D154EB61400B92EE1 /* libnspr4.dylib */; };
		BBAB23CB13894F3D00AA2426 /* GLUT.framework in CopyFiles */ = {isa = PBXBuildFile; fileRef = BBAB23BE13894E4700AA2426 /* GLUT.framework */; };
		E4328149138ABC9F0047C5CB /* openFrameworksDebug.a in Frameworks */ = {isa = PBXBuildFile; fileRef = E4328148138ABC890047C5CB /* openFrameworksDebug.a */; };
		E45BE97B0E8CC7DD009D7055 /* AGL.framework in Frameworks */ = {isa = PBXBuildFile; fileRef = E45BE9710E8CC7DD009D7055 /* AGL.framework */; };
		E45BE97C0E8CC7DD009D7055 /* ApplicationServices.framework in Frameworks */ = {isa = PBXBuildFile; fileRef = E45BE9720E8CC7DD009D7055 /* ApplicationServices.framework */; };
		E45BE97D0E8CC7DD009D7055 /* AudioToolbox.framework in Frameworks */ = {isa = PBXBuildFile; fileRef = E45BE9730E8CC7DD009D7055 /* AudioToolbox.framework */; };
		E45BE97E0E8CC7DD009D7055 /* Carbon.framework in Frameworks */ = {isa = PBXBuildFile; fileRef = E45BE9740E8CC7DD009D7055 /* Carbon.framework */; };
		E45BE97F0E8CC7DD009D7055 /* CoreAudio.framework in Frameworks */ = {isa = PBXBuildFile; fileRef = E45BE9750E8CC7DD009D7055 /* CoreAudio.framework */; };
		E45BE9800E8CC7DD009D7055 /* CoreFoundation.framework in Frameworks */ = {isa = PBXBuildFile; fileRef = E45BE9760E8CC7DD009D7055 /* CoreFoundation.framework */; };
		E45BE9810E8CC7DD009D7055 /* CoreServices.framework in Frameworks */ = {isa = PBXBuildFile; fileRef = E45BE9770E8CC7DD009D7055 /* CoreServices.framework */; };
		E45BE9830E8CC7DD009D7055 /* OpenGL.framework in Frameworks */ = {isa = PBXBuildFile; fileRef = E45BE9790E8CC7DD009D7055 /* OpenGL.framework */; };
		E45BE9840E8CC7DD009D7055 /* QuickTime.framework in Frameworks */ = {isa = PBXBuildFile; fileRef = E45BE97A0E8CC7DD009D7055 /* QuickTime.framework */; };
		E4B69E200A3A1BDC003C02F2 /* main.cpp in Sources */ = {isa = PBXBuildFile; fileRef = E4B69E1D0A3A1BDC003C02F2 /* main.cpp */; };
		E4B69E210A3A1BDC003C02F2 /* testApp.cpp in Sources */ = {isa = PBXBuildFile; fileRef = E4B69E1E0A3A1BDC003C02F2 /* testApp.cpp */; };
		E4C2424710CC5A17004149E2 /* AppKit.framework in Frameworks */ = {isa = PBXBuildFile; fileRef = E4C2424410CC5A17004149E2 /* AppKit.framework */; };
		E4C2424810CC5A17004149E2 /* Cocoa.framework in Frameworks */ = {isa = PBXBuildFile; fileRef = E4C2424510CC5A17004149E2 /* Cocoa.framework */; };
		E4C2424910CC5A17004149E2 /* IOKit.framework in Frameworks */ = {isa = PBXBuildFile; fileRef = E4C2424610CC5A17004149E2 /* IOKit.framework */; };
		E4EB6799138ADC1D00A09F29 /* GLUT.framework in Frameworks */ = {isa = PBXBuildFile; fileRef = BBAB23BE13894E4700AA2426 /* GLUT.framework */; };
		F9DC3A4C15543C830017BADC /* js.cpp in Sources */ = {isa = PBXBuildFile; fileRef = F9DC3A4915543C830017BADC /* js.cpp */; };
/* End PBXBuildFile section */

/* Begin PBXContainerItemProxy section */
		E4328147138ABC890047C5CB /* PBXContainerItemProxy */ = {
			isa = PBXContainerItemProxy;
			containerPortal = E4328143138ABC890047C5CB /* openFrameworksLib.xcodeproj */;
			proxyType = 2;
			remoteGlobalIDString = E4B27C1510CBEB8E00536013;
			remoteInfo = openFrameworks;
		};
		E4EEB9AB138B136A00A80321 /* PBXContainerItemProxy */ = {
			isa = PBXContainerItemProxy;
			containerPortal = E4328143138ABC890047C5CB /* openFrameworksLib.xcodeproj */;
			proxyType = 1;
			remoteGlobalIDString = E4B27C1410CBEB8E00536013;
			remoteInfo = openFrameworks;
		};
/* End PBXContainerItemProxy section */

/* Begin PBXCopyFilesBuildPhase section */
		2F4258C2154EB8A300B92EE1 /* CopyFiles */ = {
			isa = PBXCopyFilesBuildPhase;
			buildActionMask = 2147483647;
			dstPath = "";
			dstSubfolderSpec = 6;
			files = (
				2F4258C3154EB8A700B92EE1 /* libJavascript.dylib in CopyFiles */,
				2F4258C4154EB8A700B92EE1 /* libnspr4.dylib in CopyFiles */,
			);
			runOnlyForDeploymentPostprocessing = 0;
		};
		E4C2427710CC5ABF004149E2 /* CopyFiles */ = {
			isa = PBXCopyFilesBuildPhase;
			buildActionMask = 2147483647;
			dstPath = "";
			dstSubfolderSpec = 10;
			files = (
				BBAB23CB13894F3D00AA2426 /* GLUT.framework in CopyFiles */,
			);
			runOnlyForDeploymentPostprocessing = 0;
		};
/* End PBXCopyFilesBuildPhase section */

/* Begin PBXFileReference section */
		2F42561D154EB5BE00B92EE1 /* install.xml */ = {isa = PBXFileReference; fileEncoding = 4; lastKnownFileType = text.xml; name = install.xml; path = ../../../addons/ofxXmlSettings/install.xml; sourceTree = SOURCE_ROOT; };
		2F42561F154EB5BE00B92EE1 /* tinyxml.cpp */ = {isa = PBXFileReference; fileEncoding = 4; lastKnownFileType = sourcecode.cpp.cpp; name = tinyxml.cpp; path = ../../../addons/ofxXmlSettings/libs/tinyxml.cpp; sourceTree = SOURCE_ROOT; };
		2F425620154EB5BE00B92EE1 /* tinyxml.h */ = {isa = PBXFileReference; fileEncoding = 4; lastKnownFileType = sourcecode.c.h; name = tinyxml.h; path = ../../../addons/ofxXmlSettings/libs/tinyxml.h; sourceTree = SOURCE_ROOT; };
		2F425621154EB5BE00B92EE1 /* tinyxmlerror.cpp */ = {isa = PBXFileReference; fileEncoding = 4; lastKnownFileType = sourcecode.cpp.cpp; name = tinyxmlerror.cpp; path = ../../../addons/ofxXmlSettings/libs/tinyxmlerror.cpp; sourceTree = SOURCE_ROOT; };
		2F425622154EB5BE00B92EE1 /* tinyxmlparser.cpp */ = {isa = PBXFileReference; fileEncoding = 4; lastKnownFileType = sourcecode.cpp.cpp; name = tinyxmlparser.cpp; path = ../../../addons/ofxXmlSettings/libs/tinyxmlparser.cpp; sourceTree = SOURCE_ROOT; };
		2F425624154EB5BE00B92EE1 /* ofxXmlSettings.cpp */ = {isa = PBXFileReference; fileEncoding = 4; lastKnownFileType = sourcecode.cpp.cpp; name = ofxXmlSettings.cpp; path = ../../../addons/ofxXmlSettings/src/ofxXmlSettings.cpp; sourceTree = SOURCE_ROOT; };
		2F425625154EB5BE00B92EE1 /* ofxXmlSettings.h */ = {isa = PBXFileReference; fileEncoding = 4; lastKnownFileType = sourcecode.c.h; name = ofxXmlSettings.h; path = ../../../addons/ofxXmlSettings/src/ofxXmlSettings.h; sourceTree = SOURCE_ROOT; };
		2F4257DE154EB61400B92EE1 /* notes.txt */ = {isa = PBXFileReference; fileEncoding = 4; lastKnownFileType = text; name = notes.txt; path = ../../../addons/ofxJavascript/doc/notes.txt; sourceTree = SOURCE_ROOT; };
		2F4257E5154EB61400B92EE1 /* install.xml */ = {isa = PBXFileReference; fileEncoding = 4; lastKnownFileType = text.xml; name = install.xml; path = ../../../addons/ofxJavascript/install.xml; sourceTree = SOURCE_ROOT; };
		2F4257E9154EB61400B92EE1 /* jsapi.h */ = {isa = PBXFileReference; fileEncoding = 4; lastKnownFileType = sourcecode.c.h; name = jsapi.h; path = ../../../addons/ofxJavascript/libs/javascript/include/jsapi.h; sourceTree = SOURCE_ROOT; };
		2F4257EA154EB61400B92EE1 /* jsarena.h */ = {isa = PBXFileReference; fileEncoding = 4; lastKnownFileType = sourcecode.c.h; name = jsarena.h; path = ../../../addons/ofxJavascript/libs/javascript/include/jsarena.h; sourceTree = SOURCE_ROOT; };
		2F4257EB154EB61400B92EE1 /* jsarray.h */ = {isa = PBXFileReference; fileEncoding = 4; lastKnownFileType = sourcecode.c.h; name = jsarray.h; path = ../../../addons/ofxJavascript/libs/javascript/include/jsarray.h; sourceTree = SOURCE_ROOT; };
		2F4257EC154EB61400B92EE1 /* jsatom.h */ = {isa = PBXFileReference; fileEncoding = 4; lastKnownFileType = sourcecode.c.h; name = jsatom.h; path = ../../../addons/ofxJavascript/libs/javascript/include/jsatom.h; sourceTree = SOURCE_ROOT; };
		2F4257ED154EB61400B92EE1 /* jsautocfg.h */ = {isa = PBXFileReference; fileEncoding = 4; lastKnownFileType = sourcecode.c.h; name = jsautocfg.h; path = ../../../addons/ofxJavascript/libs/javascript/include/jsautocfg.h; sourceTree = SOURCE_ROOT; };
		2F4257EE154EB61400B92EE1 /* jsautokw.h */ = {isa = PBXFileReference; fileEncoding = 4; lastKnownFileType = sourcecode.c.h; name = jsautokw.h; path = ../../../addons/ofxJavascript/libs/javascript/include/jsautokw.h; sourceTree = SOURCE_ROOT; };
		2F4257EF154EB61400B92EE1 /* jsbit.h */ = {isa = PBXFileReference; fileEncoding = 4; lastKnownFileType = sourcecode.c.h; name = jsbit.h; path = ../../../addons/ofxJavascript/libs/javascript/include/jsbit.h; sourceTree = SOURCE_ROOT; };
		2F4257F0154EB61400B92EE1 /* jsbool.h */ = {isa = PBXFileReference; fileEncoding = 4; lastKnownFileType = sourcecode.c.h; name = jsbool.h; path = ../../../addons/ofxJavascript/libs/javascript/include/jsbool.h; sourceTree = SOURCE_ROOT; };
		2F4257F1154EB61400B92EE1 /* jsclist.h */ = {isa = PBXFileReference; fileEncoding = 4; lastKnownFileType = sourcecode.c.h; name = jsclist.h; path = ../../../addons/ofxJavascript/libs/javascript/include/jsclist.h; sourceTree = SOURCE_ROOT; };
		2F4257F2154EB61400B92EE1 /* jscntxt.h */ = {isa = PBXFileReference; fileEncoding = 4; lastKnownFileType = sourcecode.c.h; name = jscntxt.h; path = ../../../addons/ofxJavascript/libs/javascript/include/jscntxt.h; sourceTree = SOURCE_ROOT; };
		2F4257F3154EB61400B92EE1 /* jscompat.h */ = {isa = PBXFileReference; fileEncoding = 4; lastKnownFileType = sourcecode.c.h; name = jscompat.h; path = ../../../addons/ofxJavascript/libs/javascript/include/jscompat.h; sourceTree = SOURCE_ROOT; };
		2F4257F4154EB61400B92EE1 /* jsconfig.h */ = {isa = PBXFileReference; fileEncoding = 4; lastKnownFileType = sourcecode.c.h; name = jsconfig.h; path = ../../../addons/ofxJavascript/libs/javascript/include/jsconfig.h; sourceTree = SOURCE_ROOT; };
		2F4257F5154EB61400B92EE1 /* jscpucfg.h */ = {isa = PBXFileReference; fileEncoding = 4; lastKnownFileType = sourcecode.c.h; name = jscpucfg.h; path = ../../../addons/ofxJavascript/libs/javascript/include/jscpucfg.h; sourceTree = SOURCE_ROOT; };
		2F4257F6154EB61400B92EE1 /* jsdate.h */ = {isa = PBXFileReference; fileEncoding = 4; lastKnownFileType = sourcecode.c.h; name = jsdate.h; path = ../../../addons/ofxJavascript/libs/javascript/include/jsdate.h; sourceTree = SOURCE_ROOT; };
		2F4257F7154EB61400B92EE1 /* jsdbgapi.h */ = {isa = PBXFileReference; fileEncoding = 4; lastKnownFileType = sourcecode.c.h; name = jsdbgapi.h; path = ../../../addons/ofxJavascript/libs/javascript/include/jsdbgapi.h; sourceTree = SOURCE_ROOT; };
		2F4257F8154EB61400B92EE1 /* jsdhash.h */ = {isa = PBXFileReference; fileEncoding = 4; lastKnownFileType = sourcecode.c.h; name = jsdhash.h; path = ../../../addons/ofxJavascript/libs/javascript/include/jsdhash.h; sourceTree = SOURCE_ROOT; };
		2F4257F9154EB61400B92EE1 /* jsdtoa.h */ = {isa = PBXFileReference; fileEncoding = 4; lastKnownFileType = sourcecode.c.h; name = jsdtoa.h; path = ../../../addons/ofxJavascript/libs/javascript/include/jsdtoa.h; sourceTree = SOURCE_ROOT; };
		2F4257FA154EB61400B92EE1 /* jsemit.h */ = {isa = PBXFileReference; fileEncoding = 4; lastKnownFileType = sourcecode.c.h; name = jsemit.h; path = ../../../addons/ofxJavascript/libs/javascript/include/jsemit.h; sourceTree = SOURCE_ROOT; };
		2F4257FB154EB61400B92EE1 /* jsexn.h */ = {isa = PBXFileReference; fileEncoding = 4; lastKnownFileType = sourcecode.c.h; name = jsexn.h; path = ../../../addons/ofxJavascript/libs/javascript/include/jsexn.h; sourceTree = SOURCE_ROOT; };
		2F4257FC154EB61400B92EE1 /* jsfile.h */ = {isa = PBXFileReference; fileEncoding = 4; lastKnownFileType = sourcecode.c.h; name = jsfile.h; path = ../../../addons/ofxJavascript/libs/javascript/include/jsfile.h; sourceTree = SOURCE_ROOT; };
		2F4257FD154EB61400B92EE1 /* jsfun.h */ = {isa = PBXFileReference; fileEncoding = 4; lastKnownFileType = sourcecode.c.h; name = jsfun.h; path = ../../../addons/ofxJavascript/libs/javascript/include/jsfun.h; sourceTree = SOURCE_ROOT; };
		2F4257FE154EB61400B92EE1 /* jsgc.h */ = {isa = PBXFileReference; fileEncoding = 4; lastKnownFileType = sourcecode.c.h; name = jsgc.h; path = ../../../addons/ofxJavascript/libs/javascript/include/jsgc.h; sourceTree = SOURCE_ROOT; };
		2F4257FF154EB61400B92EE1 /* jshash.h */ = {isa = PBXFileReference; fileEncoding = 4; lastKnownFileType = sourcecode.c.h; name = jshash.h; path = ../../../addons/ofxJavascript/libs/javascript/include/jshash.h; sourceTree = SOURCE_ROOT; };
		2F425800154EB61400B92EE1 /* jsinterp.h */ = {isa = PBXFileReference; fileEncoding = 4; lastKnownFileType = sourcecode.c.h; name = jsinterp.h; path = ../../../addons/ofxJavascript/libs/javascript/include/jsinterp.h; sourceTree = SOURCE_ROOT; };
		2F425801154EB61400B92EE1 /* jslibmath.h */ = {isa = PBXFileReference; fileEncoding = 4; lastKnownFileType = sourcecode.c.h; name = jslibmath.h; path = ../../../addons/ofxJavascript/libs/javascript/include/jslibmath.h; sourceTree = SOURCE_ROOT; };
		2F425802154EB61400B92EE1 /* jslock.h */ = {isa = PBXFileReference; fileEncoding = 4; lastKnownFileType = sourcecode.c.h; name = jslock.h; path = ../../../addons/ofxJavascript/libs/javascript/include/jslock.h; sourceTree = SOURCE_ROOT; };
		2F425803154EB61400B92EE1 /* jslong.h */ = {isa = PBXFileReference; fileEncoding = 4; lastKnownFileType = sourcecode.c.h; name = jslong.h; path = ../../../addons/ofxJavascript/libs/javascript/include/jslong.h; sourceTree = SOURCE_ROOT; };
		2F425804154EB61400B92EE1 /* jsmath.h */ = {isa = PBXFileReference; fileEncoding = 4; lastKnownFileType = sourcecode.c.h; name = jsmath.h; path = ../../../addons/ofxJavascript/libs/javascript/include/jsmath.h; sourceTree = SOURCE_ROOT; };
		2F425805154EB61400B92EE1 /* jsnum.h */ = {isa = PBXFileReference; fileEncoding = 4; lastKnownFileType = sourcecode.c.h; name = jsnum.h; path = ../../../addons/ofxJavascript/libs/javascript/include/jsnum.h; sourceTree = SOURCE_ROOT; };
		2F425806154EB61400B92EE1 /* jsobj.h */ = {isa = PBXFileReference; fileEncoding = 4; lastKnownFileType = sourcecode.c.h; name = jsobj.h; path = ../../../addons/ofxJavascript/libs/javascript/include/jsobj.h; sourceTree = SOURCE_ROOT; };
		2F425807154EB61400B92EE1 /* jsopcode.h */ = {isa = PBXFileReference; fileEncoding = 4; lastKnownFileType = sourcecode.c.h; name = jsopcode.h; path = ../../../addons/ofxJavascript/libs/javascript/include/jsopcode.h; sourceTree = SOURCE_ROOT; };
		2F425808154EB61400B92EE1 /* jsosdep.h */ = {isa = PBXFileReference; fileEncoding = 4; lastKnownFileType = sourcecode.c.h; name = jsosdep.h; path = ../../../addons/ofxJavascript/libs/javascript/include/jsosdep.h; sourceTree = SOURCE_ROOT; };
		2F425809154EB61400B92EE1 /* jsotypes.h */ = {isa = PBXFileReference; fileEncoding = 4; lastKnownFileType = sourcecode.c.h; name = jsotypes.h; path = ../../../addons/ofxJavascript/libs/javascript/include/jsotypes.h; sourceTree = SOURCE_ROOT; };
		2F42580A154EB61400B92EE1 /* jsparse.h */ = {isa = PBXFileReference; fileEncoding = 4; lastKnownFileType = sourcecode.c.h; name = jsparse.h; path = ../../../addons/ofxJavascript/libs/javascript/include/jsparse.h; sourceTree = SOURCE_ROOT; };
		2F42580B154EB61400B92EE1 /* jsprf.h */ = {isa = PBXFileReference; fileEncoding = 4; lastKnownFileType = sourcecode.c.h; name = jsprf.h; path = ../../../addons/ofxJavascript/libs/javascript/include/jsprf.h; sourceTree = SOURCE_ROOT; };
		2F42580C154EB61400B92EE1 /* jsprvtd.h */ = {isa = PBXFileReference; fileEncoding = 4; lastKnownFileType = sourcecode.c.h; name = jsprvtd.h; path = ../../../addons/ofxJavascript/libs/javascript/include/jsprvtd.h; sourceTree = SOURCE_ROOT; };
		2F42580D154EB61400B92EE1 /* jspubtd.h */ = {isa = PBXFileReference; fileEncoding = 4; lastKnownFileType = sourcecode.c.h; name = jspubtd.h; path = ../../../addons/ofxJavascript/libs/javascript/include/jspubtd.h; sourceTree = SOURCE_ROOT; };
		2F42580E154EB61400B92EE1 /* jsregexp.h */ = {isa = PBXFileReference; fileEncoding = 4; lastKnownFileType = sourcecode.c.h; name = jsregexp.h; path = ../../../addons/ofxJavascript/libs/javascript/include/jsregexp.h; sourceTree = SOURCE_ROOT; };
		2F42580F154EB61400B92EE1 /* jsscan.h */ = {isa = PBXFileReference; fileEncoding = 4; lastKnownFileType = sourcecode.c.h; name = jsscan.h; path = ../../../addons/ofxJavascript/libs/javascript/include/jsscan.h; sourceTree = SOURCE_ROOT; };
		2F425810154EB61400B92EE1 /* jsscope.h */ = {isa = PBXFileReference; fileEncoding = 4; lastKnownFileType = sourcecode.c.h; name = jsscope.h; path = ../../../addons/ofxJavascript/libs/javascript/include/jsscope.h; sourceTree = SOURCE_ROOT; };
		2F425811154EB61400B92EE1 /* jsscript.h */ = {isa = PBXFileReference; fileEncoding = 4; lastKnownFileType = sourcecode.c.h; name = jsscript.h; path = ../../../addons/ofxJavascript/libs/javascript/include/jsscript.h; sourceTree = SOURCE_ROOT; };
		2F425812154EB61400B92EE1 /* jsstddef.h */ = {isa = PBXFileReference; fileEncoding = 4; lastKnownFileType = sourcecode.c.h; name = jsstddef.h; path = ../../../addons/ofxJavascript/libs/javascript/include/jsstddef.h; sourceTree = SOURCE_ROOT; };
		2F425813154EB61400B92EE1 /* jsstr.h */ = {isa = PBXFileReference; fileEncoding = 4; lastKnownFileType = sourcecode.c.h; name = jsstr.h; path = ../../../addons/ofxJavascript/libs/javascript/include/jsstr.h; sourceTree = SOURCE_ROOT; };
		2F425814154EB61400B92EE1 /* jstypes.h */ = {isa = PBXFileReference; fileEncoding = 4; lastKnownFileType = sourcecode.c.h; name = jstypes.h; path = ../../../addons/ofxJavascript/libs/javascript/include/jstypes.h; sourceTree = SOURCE_ROOT; };
		2F425815154EB61400B92EE1 /* jsutil.h */ = {isa = PBXFileReference; fileEncoding = 4; lastKnownFileType = sourcecode.c.h; name = jsutil.h; path = ../../../addons/ofxJavascript/libs/javascript/include/jsutil.h; sourceTree = SOURCE_ROOT; };
		2F425816154EB61400B92EE1 /* jsxdrapi.h */ = {isa = PBXFileReference; fileEncoding = 4; lastKnownFileType = sourcecode.c.h; name = jsxdrapi.h; path = ../../../addons/ofxJavascript/libs/javascript/include/jsxdrapi.h; sourceTree = SOURCE_ROOT; };
		2F425817154EB61400B92EE1 /* jsxml.h */ = {isa = PBXFileReference; fileEncoding = 4; lastKnownFileType = sourcecode.c.h; name = jsxml.h; path = ../../../addons/ofxJavascript/libs/javascript/include/jsxml.h; sourceTree = SOURCE_ROOT; };
		2F425818154EB61400B92EE1 /* prmjtime.h */ = {isa = PBXFileReference; fileEncoding = 4; lastKnownFileType = sourcecode.c.h; name = prmjtime.h; path = ../../../addons/ofxJavascript/libs/javascript/include/prmjtime.h; sourceTree = SOURCE_ROOT; };
		2F425819154EB61400B92EE1 /* resource.h */ = {isa = PBXFileReference; fileEncoding = 4; lastKnownFileType = sourcecode.c.h; name = resource.h; path = ../../../addons/ofxJavascript/libs/javascript/include/resource.h; sourceTree = SOURCE_ROOT; };
		2F42581C154EB61400B92EE1 /* libJavascript.dylib */ = {isa = PBXFileReference; lastKnownFileType = "compiled.mach-o.dylib"; name = libJavascript.dylib; path = ../../../addons/ofxJavascript/libs/javascript/lib/osx/libJavascript.dylib; sourceTree = SOURCE_ROOT; };
		2F42581D154EB61400B92EE1 /* libnspr4.dylib */ = {isa = PBXFileReference; lastKnownFileType = "compiled.mach-o.dylib"; name = libnspr4.dylib; path = ../../../addons/ofxJavascript/libs/javascript/lib/osx/libnspr4.dylib; sourceTree = SOURCE_ROOT; };
		2F42582E154EB61400B92EE1 /* ofxJavascript.cpp */ = {isa = PBXFileReference; fileEncoding = 4; lastKnownFileType = sourcecode.cpp.cpp; name = ofxJavascript.cpp; path = ../../../addons/ofxJavascript/src/ofxJavascript.cpp; sourceTree = SOURCE_ROOT; };
		2F42582F154EB61400B92EE1 /* ofxJavascript.h */ = {isa = PBXFileReference; fileEncoding = 4; lastKnownFileType = sourcecode.c.h; name = ofxJavascript.h; path = ../../../addons/ofxJavascript/src/ofxJavascript.h; sourceTree = SOURCE_ROOT; };
		2F425830154EB61400B92EE1 /* ofxJSGlobalFunc.cpp */ = {isa = PBXFileReference; fileEncoding = 4; lastKnownFileType = sourcecode.cpp.cpp; name = ofxJSGlobalFunc.cpp; path = ../../../addons/ofxJavascript/src/ofxJSGlobalFunc.cpp; sourceTree = SOURCE_ROOT; };
		2F425831154EB61400B92EE1 /* ofxJSGlobalFunc.h */ = {isa = PBXFileReference; fileEncoding = 4; lastKnownFileType = sourcecode.c.h; name = ofxJSGlobalFunc.h; path = ../../../addons/ofxJavascript/src/ofxJSGlobalFunc.h; sourceTree = SOURCE_ROOT; };
		2F425832154EB61400B92EE1 /* ofxJSImage.cpp */ = {isa = PBXFileReference; fileEncoding = 4; lastKnownFileType = sourcecode.cpp.cpp; name = ofxJSImage.cpp; path = ../../../addons/ofxJavascript/src/ofxJSImage.cpp; sourceTree = SOURCE_ROOT; };
		2F425833154EB61400B92EE1 /* ofxJSImage.h */ = {isa = PBXFileReference; fileEncoding = 4; lastKnownFileType = sourcecode.c.h; name = ofxJSImage.h; path = ../../../addons/ofxJavascript/src/ofxJSImage.h; sourceTree = SOURCE_ROOT; };
		2F425835154EB61400B92EE1 /* ofxJSOpenGL.cpp */ = {isa = PBXFileReference; fileEncoding = 4; lastKnownFileType = sourcecode.cpp.cpp; name = ofxJSOpenGL.cpp; path = ../../../addons/ofxJavascript/src/ofxJSOpenGL.cpp; sourceTree = SOURCE_ROOT; };
		2F425836154EB61400B92EE1 /* ofxJSOpenGL.h */ = {isa = PBXFileReference; fileEncoding = 4; lastKnownFileType = sourcecode.c.h; name = ofxJSOpenGL.h; path = ../../../addons/ofxJavascript/src/ofxJSOpenGL.h; sourceTree = SOURCE_ROOT; };
		2F425837154EB61400B92EE1 /* ofxJSScript.cpp */ = {isa = PBXFileReference; fileEncoding = 4; lastKnownFileType = sourcecode.cpp.cpp; name = ofxJSScript.cpp; path = ../../../addons/ofxJavascript/src/ofxJSScript.cpp; sourceTree = SOURCE_ROOT; };
		2F425838154EB61400B92EE1 /* ofxJSScript.h */ = {isa = PBXFileReference; fileEncoding = 4; lastKnownFileType = sourcecode.c.h; name = ofxJSScript.h; path = ../../../addons/ofxJavascript/src/ofxJSScript.h; sourceTree = SOURCE_ROOT; };
		2F425839154EB61400B92EE1 /* ofxJSTrueTypeFont.cpp */ = {isa = PBXFileReference; fileEncoding = 4; lastKnownFileType = sourcecode.cpp.cpp; name = ofxJSTrueTypeFont.cpp; path = ../../../addons/ofxJavascript/src/ofxJSTrueTypeFont.cpp; sourceTree = SOURCE_ROOT; };
		2F42583A154EB61400B92EE1 /* ofxJSTrueTypeFont.h */ = {isa = PBXFileReference; fileEncoding = 4; lastKnownFileType = sourcecode.c.h; name = ofxJSTrueTypeFont.h; path = ../../../addons/ofxJavascript/src/ofxJSTrueTypeFont.h; sourceTree = SOURCE_ROOT; };
		2F42583B154EB61400B92EE1 /* ofxJSUtils.cpp */ = {isa = PBXFileReference; fileEncoding = 4; lastKnownFileType = sourcecode.cpp.cpp; name = ofxJSUtils.cpp; path = ../../../addons/ofxJavascript/src/ofxJSUtils.cpp; sourceTree = SOURCE_ROOT; };
		2F42583C154EB61400B92EE1 /* ofxJSUtils.h */ = {isa = PBXFileReference; fileEncoding = 4; lastKnownFileType = sourcecode.c.h; name = ofxJSUtils.h; path = ../../../addons/ofxJavascript/src/ofxJSUtils.h; sourceTree = SOURCE_ROOT; };
		BBAB23BE13894E4700AA2426 /* GLUT.framework */ = {isa = PBXFileReference; lastKnownFileType = wrapper.framework; name = GLUT.framework; path = ../../../libs/glut/lib/osx/GLUT.framework; sourceTree = "<group>"; };
		E4328143138ABC890047C5CB /* openFrameworksLib.xcodeproj */ = {isa = PBXFileReference; lastKnownFileType = "wrapper.pb-project"; name = openFrameworksLib.xcodeproj; path = ../../../libs/openFrameworksCompiled/project/osx/openFrameworksLib.xcodeproj; sourceTree = SOURCE_ROOT; };
		E45BE9710E8CC7DD009D7055 /* AGL.framework */ = {isa = PBXFileReference; lastKnownFileType = wrapper.framework; name = AGL.framework; path = /System/Library/Frameworks/AGL.framework; sourceTree = "<absolute>"; };
		E45BE9720E8CC7DD009D7055 /* ApplicationServices.framework */ = {isa = PBXFileReference; lastKnownFileType = wrapper.framework; name = ApplicationServices.framework; path = /System/Library/Frameworks/ApplicationServices.framework; sourceTree = "<absolute>"; };
		E45BE9730E8CC7DD009D7055 /* AudioToolbox.framework */ = {isa = PBXFileReference; lastKnownFileType = wrapper.framework; name = AudioToolbox.framework; path = /System/Library/Frameworks/AudioToolbox.framework; sourceTree = "<absolute>"; };
		E45BE9740E8CC7DD009D7055 /* Carbon.framework */ = {isa = PBXFileReference; lastKnownFileType = wrapper.framework; name = Carbon.framework; path = /System/Library/Frameworks/Carbon.framework; sourceTree = "<absolute>"; };
		E45BE9750E8CC7DD009D7055 /* CoreAudio.framework */ = {isa = PBXFileReference; lastKnownFileType = wrapper.framework; name = CoreAudio.framework; path = /System/Library/Frameworks/CoreAudio.framework; sourceTree = "<absolute>"; };
		E45BE9760E8CC7DD009D7055 /* CoreFoundation.framework */ = {isa = PBXFileReference; lastKnownFileType = wrapper.framework; name = CoreFoundation.framework; path = /System/Library/Frameworks/CoreFoundation.framework; sourceTree = "<absolute>"; };
		E45BE9770E8CC7DD009D7055 /* CoreServices.framework */ = {isa = PBXFileReference; lastKnownFileType = wrapper.framework; name = CoreServices.framework; path = /System/Library/Frameworks/CoreServices.framework; sourceTree = "<absolute>"; };
		E45BE9790E8CC7DD009D7055 /* OpenGL.framework */ = {isa = PBXFileReference; lastKnownFileType = wrapper.framework; name = OpenGL.framework; path = /System/Library/Frameworks/OpenGL.framework; sourceTree = "<absolute>"; };
		E45BE97A0E8CC7DD009D7055 /* QuickTime.framework */ = {isa = PBXFileReference; lastKnownFileType = wrapper.framework; name = QuickTime.framework; path = /System/Library/Frameworks/QuickTime.framework; sourceTree = "<absolute>"; };
		E4B69E1D0A3A1BDC003C02F2 /* main.cpp */ = {isa = PBXFileReference; fileEncoding = 30; lastKnownFileType = sourcecode.cpp.cpp; name = main.cpp; path = src/main.cpp; sourceTree = SOURCE_ROOT; };
		E4B69E1E0A3A1BDC003C02F2 /* testApp.cpp */ = {isa = PBXFileReference; explicitFileType = sourcecode.cpp.cpp; fileEncoding = 30; name = testApp.cpp; path = src/testApp.cpp; sourceTree = SOURCE_ROOT; };
		E4B69E1F0A3A1BDC003C02F2 /* testApp.h */ = {isa = PBXFileReference; fileEncoding = 30; lastKnownFileType = sourcecode.c.h; name = testApp.h; path = src/testApp.h; sourceTree = SOURCE_ROOT; };
		E4B6FCAD0C3E899E008CF71C /* openFrameworks-Info.plist */ = {isa = PBXFileReference; fileEncoding = 30; lastKnownFileType = text.plist.xml; path = "openFrameworks-Info.plist"; sourceTree = "<group>"; };
		E4C2424410CC5A17004149E2 /* AppKit.framework */ = {isa = PBXFileReference; lastKnownFileType = wrapper.framework; name = AppKit.framework; path = /System/Library/Frameworks/AppKit.framework; sourceTree = "<absolute>"; };
		E4C2424510CC5A17004149E2 /* Cocoa.framework */ = {isa = PBXFileReference; lastKnownFileType = wrapper.framework; name = Cocoa.framework; path = /System/Library/Frameworks/Cocoa.framework; sourceTree = "<absolute>"; };
		E4C2424610CC5A17004149E2 /* IOKit.framework */ = {isa = PBXFileReference; lastKnownFileType = wrapper.framework; name = IOKit.framework; path = /System/Library/Frameworks/IOKit.framework; sourceTree = "<absolute>"; };
		E4EB691F138AFCF100A09F29 /* CoreOF.xcconfig */ = {isa = PBXFileReference; fileEncoding = 4; lastKnownFileType = text.xcconfig; name = CoreOF.xcconfig; path = ../../../libs/openFrameworksCompiled/project/osx/CoreOF.xcconfig; sourceTree = SOURCE_ROOT; };
		E4EB6923138AFD0F00A09F29 /* Project.xcconfig */ = {isa = PBXFileReference; fileEncoding = 4; lastKnownFileType = text.xcconfig; path = Project.xcconfig; sourceTree = "<group>"; };
		F9373181187DA2C000485EDE /* liveCodingDebug.app */ = {isa = PBXFileReference; explicitFileType = wrapper.application; includeInIndex = 0; path = liveCodingDebug.app; sourceTree = BUILT_PRODUCTS_DIR; };
		F9DC3A4915543C830017BADC /* js.cpp */ = {isa = PBXFileReference; fileEncoding = 4; lastKnownFileType = sourcecode.cpp.cpp; path = js.cpp; sourceTree = "<group>"; };
		F9DC3A4A15543C830017BADC /* js.h */ = {isa = PBXFileReference; fileEncoding = 4; lastKnownFileType = sourcecode.c.h; path = js.h; sourceTree = "<group>"; };
/* End PBXFileReference section */

/* Begin PBXFrameworksBuildPhase section */
		E4B69B590A3A1756003C02F2 /* Frameworks */ = {
			isa = PBXFrameworksBuildPhase;
			buildActionMask = 2147483647;
			files = (
				E4EB6799138ADC1D00A09F29 /* GLUT.framework in Frameworks */,
				E4328149138ABC9F0047C5CB /* openFrameworksDebug.a in Frameworks */,
				E45BE97B0E8CC7DD009D7055 /* AGL.framework in Frameworks */,
				E45BE97C0E8CC7DD009D7055 /* ApplicationServices.framework in Frameworks */,
				E45BE97D0E8CC7DD009D7055 /* AudioToolbox.framework in Frameworks */,
				E45BE97E0E8CC7DD009D7055 /* Carbon.framework in Frameworks */,
				E45BE97F0E8CC7DD009D7055 /* CoreAudio.framework in Frameworks */,
				E45BE9800E8CC7DD009D7055 /* CoreFoundation.framework in Frameworks */,
				E45BE9810E8CC7DD009D7055 /* CoreServices.framework in Frameworks */,
				E45BE9830E8CC7DD009D7055 /* OpenGL.framework in Frameworks */,
				E45BE9840E8CC7DD009D7055 /* QuickTime.framework in Frameworks */,
				E4C2424710CC5A17004149E2 /* AppKit.framework in Frameworks */,
				E4C2424810CC5A17004149E2 /* Cocoa.framework in Frameworks */,
				E4C2424910CC5A17004149E2 /* IOKit.framework in Frameworks */,
				2F425844154EB61400B92EE1 /* libJavascript.dylib in Frameworks */,
				2F425845154EB61400B92EE1 /* libnspr4.dylib in Frameworks */,
			);
			runOnlyForDeploymentPostprocessing = 0;
		};
/* End PBXFrameworksBuildPhase section */

/* Begin PBXGroup section */
		2F42561C154EB5BE00B92EE1 /* ofxXmlSettings */ = {
			isa = PBXGroup;
			children = (
				2F42561D154EB5BE00B92EE1 /* install.xml */,
				2F42561E154EB5BE00B92EE1 /* libs */,
				2F425623154EB5BE00B92EE1 /* src */,
			);
			name = ofxXmlSettings;
			path = ../../../addons/ofxXmlSettings;
			sourceTree = SOURCE_ROOT;
		};
		2F42561E154EB5BE00B92EE1 /* libs */ = {
			isa = PBXGroup;
			children = (
				2F42561F154EB5BE00B92EE1 /* tinyxml.cpp */,
				2F425620154EB5BE00B92EE1 /* tinyxml.h */,
				2F425621154EB5BE00B92EE1 /* tinyxmlerror.cpp */,
				2F425622154EB5BE00B92EE1 /* tinyxmlparser.cpp */,
			);
			name = libs;
			path = ../../../addons/ofxXmlSettings/libs;
			sourceTree = SOURCE_ROOT;
		};
		2F425623154EB5BE00B92EE1 /* src */ = {
			isa = PBXGroup;
			children = (
				2F425624154EB5BE00B92EE1 /* ofxXmlSettings.cpp */,
				2F425625154EB5BE00B92EE1 /* ofxXmlSettings.h */,
			);
			name = src;
			path = ../../../addons/ofxXmlSettings/src;
			sourceTree = SOURCE_ROOT;
		};
		2F4257DC154EB61400B92EE1 /* ofxJavascript */ = {
			isa = PBXGroup;
			children = (
				2F4257DD154EB61400B92EE1 /* doc */,
				2F4257E5154EB61400B92EE1 /* install.xml */,
				2F4257E6154EB61400B92EE1 /* libs */,
				2F425822154EB61400B92EE1 /* src */,
			);
			name = ofxJavascript;
			path = ../../../addons/ofxJavascript;
			sourceTree = SOURCE_ROOT;
		};
		2F4257DD154EB61400B92EE1 /* doc */ = {
			isa = PBXGroup;
			children = (
				2F4257DE154EB61400B92EE1 /* notes.txt */,
			);
			name = doc;
			path = ../../../addons/ofxJavascript/doc;
			sourceTree = SOURCE_ROOT;
		};
		2F4257E6154EB61400B92EE1 /* libs */ = {
			isa = PBXGroup;
			children = (
				2F4257E7154EB61400B92EE1 /* javascript */,
			);
			name = libs;
			path = ../../../addons/ofxJavascript/libs;
			sourceTree = SOURCE_ROOT;
		};
		2F4257E7154EB61400B92EE1 /* javascript */ = {
			isa = PBXGroup;
			children = (
				2F4257E8154EB61400B92EE1 /* include */,
				2F42581A154EB61400B92EE1 /* lib */,
			);
			name = javascript;
			path = ../../../addons/ofxJavascript/libs/javascript;
			sourceTree = SOURCE_ROOT;
		};
		2F4257E8154EB61400B92EE1 /* include */ = {
			isa = PBXGroup;
			children = (
				2F4257E9154EB61400B92EE1 /* jsapi.h */,
				2F4257EA154EB61400B92EE1 /* jsarena.h */,
				2F4257EB154EB61400B92EE1 /* jsarray.h */,
				2F4257EC154EB61400B92EE1 /* jsatom.h */,
				2F4257ED154EB61400B92EE1 /* jsautocfg.h */,
				2F4257EE154EB61400B92EE1 /* jsautokw.h */,
				2F4257EF154EB61400B92EE1 /* jsbit.h */,
				2F4257F0154EB61400B92EE1 /* jsbool.h */,
				2F4257F1154EB61400B92EE1 /* jsclist.h */,
				2F4257F2154EB61400B92EE1 /* jscntxt.h */,
				2F4257F3154EB61400B92EE1 /* jscompat.h */,
				2F4257F4154EB61400B92EE1 /* jsconfig.h */,
				2F4257F5154EB61400B92EE1 /* jscpucfg.h */,
				2F4257F6154EB61400B92EE1 /* jsdate.h */,
				2F4257F7154EB61400B92EE1 /* jsdbgapi.h */,
				2F4257F8154EB61400B92EE1 /* jsdhash.h */,
				2F4257F9154EB61400B92EE1 /* jsdtoa.h */,
				2F4257FA154EB61400B92EE1 /* jsemit.h */,
				2F4257FB154EB61400B92EE1 /* jsexn.h */,
				2F4257FC154EB61400B92EE1 /* jsfile.h */,
				2F4257FD154EB61400B92EE1 /* jsfun.h */,
				2F4257FE154EB61400B92EE1 /* jsgc.h */,
				2F4257FF154EB61400B92EE1 /* jshash.h */,
				2F425800154EB61400B92EE1 /* jsinterp.h */,
				2F425801154EB61400B92EE1 /* jslibmath.h */,
				2F425802154EB61400B92EE1 /* jslock.h */,
				2F425803154EB61400B92EE1 /* jslong.h */,
				2F425804154EB61400B92EE1 /* jsmath.h */,
				2F425805154EB61400B92EE1 /* jsnum.h */,
				2F425806154EB61400B92EE1 /* jsobj.h */,
				2F425807154EB61400B92EE1 /* jsopcode.h */,
				2F425808154EB61400B92EE1 /* jsosdep.h */,
				2F425809154EB61400B92EE1 /* jsotypes.h */,
				2F42580A154EB61400B92EE1 /* jsparse.h */,
				2F42580B154EB61400B92EE1 /* jsprf.h */,
				2F42580C154EB61400B92EE1 /* jsprvtd.h */,
				2F42580D154EB61400B92EE1 /* jspubtd.h */,
				2F42580E154EB61400B92EE1 /* jsregexp.h */,
				2F42580F154EB61400B92EE1 /* jsscan.h */,
				2F425810154EB61400B92EE1 /* jsscope.h */,
				2F425811154EB61400B92EE1 /* jsscript.h */,
				2F425812154EB61400B92EE1 /* jsstddef.h */,
				2F425813154EB61400B92EE1 /* jsstr.h */,
				2F425814154EB61400B92EE1 /* jstypes.h */,
				2F425815154EB61400B92EE1 /* jsutil.h */,
				2F425816154EB61400B92EE1 /* jsxdrapi.h */,
				2F425817154EB61400B92EE1 /* jsxml.h */,
				2F425818154EB61400B92EE1 /* prmjtime.h */,
				2F425819154EB61400B92EE1 /* resource.h */,
			);
			name = include;
			path = ../../../addons/ofxJavascript/libs/javascript/include;
			sourceTree = SOURCE_ROOT;
		};
		2F42581A154EB61400B92EE1 /* lib */ = {
			isa = PBXGroup;
			children = (
				2F42581B154EB61400B92EE1 /* osx */,
			);
			name = lib;
			path = ../../../addons/ofxJavascript/libs/javascript/lib;
			sourceTree = SOURCE_ROOT;
		};
		2F42581B154EB61400B92EE1 /* osx */ = {
			isa = PBXGroup;
			children = (
				2F42581C154EB61400B92EE1 /* libJavascript.dylib */,
				2F42581D154EB61400B92EE1 /* libnspr4.dylib */,
			);
			name = osx;
			path = ../../../addons/ofxJavascript/libs/javascript/lib/osx;
			sourceTree = SOURCE_ROOT;
		};
		2F425822154EB61400B92EE1 /* src */ = {
			isa = PBXGroup;
			children = (
				2F42582E154EB61400B92EE1 /* ofxJavascript.cpp */,
				2F42582F154EB61400B92EE1 /* ofxJavascript.h */,
				2F425830154EB61400B92EE1 /* ofxJSGlobalFunc.cpp */,
				2F425831154EB61400B92EE1 /* ofxJSGlobalFunc.h */,
				2F425832154EB61400B92EE1 /* ofxJSImage.cpp */,
				2F425833154EB61400B92EE1 /* ofxJSImage.h */,
				2F425835154EB61400B92EE1 /* ofxJSOpenGL.cpp */,
				2F425836154EB61400B92EE1 /* ofxJSOpenGL.h */,
				2F425837154EB61400B92EE1 /* ofxJSScript.cpp */,
				2F425838154EB61400B92EE1 /* ofxJSScript.h */,
				2F425839154EB61400B92EE1 /* ofxJSTrueTypeFont.cpp */,
				2F42583A154EB61400B92EE1 /* ofxJSTrueTypeFont.h */,
				2F42583B154EB61400B92EE1 /* ofxJSUtils.cpp */,
				2F42583C154EB61400B92EE1 /* ofxJSUtils.h */,
			);
			name = src;
			path = ../../../addons/ofxJavascript/src;
			sourceTree = SOURCE_ROOT;
		};
		2F4258E0154EB9D000B92EE1 /* data */ = {
			isa = PBXGroup;
			children = (
			);
			name = data;
			sourceTree = "<group>";
		};
		BB4B014C10F69532006C3DED /* addons */ = {
			isa = PBXGroup;
			children = (
				2F4257DC154EB61400B92EE1 /* ofxJavascript */,
				2F42561C154EB5BE00B92EE1 /* ofxXmlSettings */,
			);
			name = addons;
			sourceTree = "<group>";
		};
		BBAB23C913894ECA00AA2426 /* system frameworks */ = {
			isa = PBXGroup;
			children = (
				E4C2424410CC5A17004149E2 /* AppKit.framework */,
				E4C2424510CC5A17004149E2 /* Cocoa.framework */,
				E4C2424610CC5A17004149E2 /* IOKit.framework */,
				E45BE9710E8CC7DD009D7055 /* AGL.framework */,
				E45BE9720E8CC7DD009D7055 /* ApplicationServices.framework */,
				E45BE9730E8CC7DD009D7055 /* AudioToolbox.framework */,
				E45BE9740E8CC7DD009D7055 /* Carbon.framework */,
				E45BE9750E8CC7DD009D7055 /* CoreAudio.framework */,
				E45BE9760E8CC7DD009D7055 /* CoreFoundation.framework */,
				E45BE9770E8CC7DD009D7055 /* CoreServices.framework */,
				E45BE9790E8CC7DD009D7055 /* OpenGL.framework */,
				E45BE97A0E8CC7DD009D7055 /* QuickTime.framework */,
			);
			name = "system frameworks";
			sourceTree = "<group>";
		};
		BBAB23CA13894EDB00AA2426 /* 3rd party frameworks */ = {
			isa = PBXGroup;
			children = (
				BBAB23BE13894E4700AA2426 /* GLUT.framework */,
			);
			name = "3rd party frameworks";
			sourceTree = "<group>";
		};
		E4328144138ABC890047C5CB /* Products */ = {
			isa = PBXGroup;
			children = (
				E4328148138ABC890047C5CB /* openFrameworksDebug.a */,
			);
			name = Products;
			sourceTree = "<group>";
		};
		E45BE5980E8CC70C009D7055 /* frameworks */ = {
			isa = PBXGroup;
			children = (
				BBAB23CA13894EDB00AA2426 /* 3rd party frameworks */,
				BBAB23C913894ECA00AA2426 /* system frameworks */,
			);
			name = frameworks;
			sourceTree = "<group>";
		};
		E4B69B4A0A3A1720003C02F2 = {
			isa = PBXGroup;
			children = (
				E4B6FCAD0C3E899E008CF71C /* openFrameworks-Info.plist */,
				E4EB6923138AFD0F00A09F29 /* Project.xcconfig */,
				E4B69E1C0A3A1BDC003C02F2 /* src */,
				2F4258E0154EB9D000B92EE1 /* data */,
				E4EEC9E9138DF44700A80321 /* openFrameworks */,
				BB4B014C10F69532006C3DED /* addons */,
				E45BE5980E8CC70C009D7055 /* frameworks */,
				F9373181187DA2C000485EDE /* liveCodingDebug.app */,
			);
			sourceTree = "<group>";
		};
		E4B69E1C0A3A1BDC003C02F2 /* src */ = {
			isa = PBXGroup;
			children = (
				E4B69E1D0A3A1BDC003C02F2 /* main.cpp */,
				E4B69E1F0A3A1BDC003C02F2 /* testApp.h */,
				E4B69E1E0A3A1BDC003C02F2 /* testApp.cpp */,
				F9DC3A4A15543C830017BADC /* js.h */,
				F9DC3A4915543C830017BADC /* js.cpp */,
			);
			path = src;
			sourceTree = SOURCE_ROOT;
		};
		E4EEC9E9138DF44700A80321 /* openFrameworks */ = {
			isa = PBXGroup;
			children = (
				E4EB691F138AFCF100A09F29 /* CoreOF.xcconfig */,
				E4328143138ABC890047C5CB /* openFrameworksLib.xcodeproj */,
			);
			name = openFrameworks;
			sourceTree = "<group>";
		};
/* End PBXGroup section */

/* Begin PBXNativeTarget section */
		E4B69B5A0A3A1756003C02F2 /* liveCoding */ = {
			isa = PBXNativeTarget;
			buildConfigurationList = E4B69B5F0A3A1757003C02F2 /* Build configuration list for PBXNativeTarget "liveCoding" */;
			buildPhases = (
				E4B69B580A3A1756003C02F2 /* Sources */,
				E4B69B590A3A1756003C02F2 /* Frameworks */,
				E4B6FFFD0C3F9AB9008CF71C /* ShellScript */,
				E4C2427710CC5ABF004149E2 /* CopyFiles */,
				2F4258C2154EB8A300B92EE1 /* CopyFiles */,
			);
			buildRules = (
			);
			dependencies = (
				E4EEB9AC138B136A00A80321 /* PBXTargetDependency */,
			);
			name = liveCoding;
			productName = myOFApp;
			productReference = F9373181187DA2C000485EDE /* liveCodingDebug.app */;
			productType = "com.apple.product-type.application";
		};
/* End PBXNativeTarget section */

/* Begin PBXProject section */
		E4B69B4C0A3A1720003C02F2 /* Project object */ = {
			isa = PBXProject;
			attributes = {
			};
			buildConfigurationList = E4B69B4D0A3A1720003C02F2 /* Build configuration list for PBXProject "liveCoding007" */;
			compatibilityVersion = "Xcode 2.4";
			developmentRegion = English;
			hasScannedForEncodings = 0;
			knownRegions = (
				English,
				Japanese,
				French,
				German,
			);
			mainGroup = E4B69B4A0A3A1720003C02F2;
			productRefGroup = E4B69B4A0A3A1720003C02F2;
			projectDirPath = "";
			projectReferences = (
				{
					ProductGroup = E4328144138ABC890047C5CB /* Products */;
					ProjectRef = E4328143138ABC890047C5CB /* openFrameworksLib.xcodeproj */;
				},
			);
			projectRoot = "";
			targets = (
				E4B69B5A0A3A1756003C02F2 /* liveCoding */,
			);
		};
/* End PBXProject section */

/* Begin PBXReferenceProxy section */
		E4328148138ABC890047C5CB /* openFrameworksDebug.a */ = {
			isa = PBXReferenceProxy;
			fileType = archive.ar;
			path = openFrameworksDebug.a;
			remoteRef = E4328147138ABC890047C5CB /* PBXContainerItemProxy */;
			sourceTree = BUILT_PRODUCTS_DIR;
		};
/* End PBXReferenceProxy section */

/* Begin PBXShellScriptBuildPhase section */
		E4B6FFFD0C3F9AB9008CF71C /* ShellScript */ = {
			isa = PBXShellScriptBuildPhase;
			buildActionMask = 2147483647;
			files = (
			);
			inputPaths = (
			);
			outputPaths = (
			);
			runOnlyForDeploymentPostprocessing = 0;
			shellPath = /bin/sh;
			shellScript = "cp -f ../../../libs/fmodex/lib/osx/libfmodex.dylib \"$TARGET_BUILD_DIR/$PRODUCT_NAME.app/Contents/MacOS/libfmodex.dylib\"; install_name_tool -change ./libfmodex.dylib @executable_path/libfmodex.dylib \"$TARGET_BUILD_DIR/$PRODUCT_NAME.app/Contents/MacOS/$PRODUCT_NAME\";";
		};
/* End PBXShellScriptBuildPhase section */

/* Begin PBXSourcesBuildPhase section */
		E4B69B580A3A1756003C02F2 /* Sources */ = {
			isa = PBXSourcesBuildPhase;
			buildActionMask = 2147483647;
			files = (
				E4B69E200A3A1BDC003C02F2 /* main.cpp in Sources */,
				E4B69E210A3A1BDC003C02F2 /* testApp.cpp in Sources */,
				2F425626154EB5BE00B92EE1 /* tinyxml.cpp in Sources */,
				2F425627154EB5BE00B92EE1 /* tinyxmlerror.cpp in Sources */,
				2F425628154EB5BE00B92EE1 /* tinyxmlparser.cpp in Sources */,
				2F425629154EB5BE00B92EE1 /* ofxXmlSettings.cpp in Sources */,
				2F42584C154EB61400B92EE1 /* ofxJavascript.cpp in Sources */,
				2F42584D154EB61400B92EE1 /* ofxJSGlobalFunc.cpp in Sources */,
				2F42584E154EB61400B92EE1 /* ofxJSImage.cpp in Sources */,
				2F425850154EB61400B92EE1 /* ofxJSOpenGL.cpp in Sources */,
				2F425851154EB61400B92EE1 /* ofxJSScript.cpp in Sources */,
				2F425852154EB61400B92EE1 /* ofxJSTrueTypeFont.cpp in Sources */,
				2F425853154EB61400B92EE1 /* ofxJSUtils.cpp in Sources */,
				F9DC3A4C15543C830017BADC /* js.cpp in Sources */,
			);
			runOnlyForDeploymentPostprocessing = 0;
		};
/* End PBXSourcesBuildPhase section */

/* Begin PBXTargetDependency section */
		E4EEB9AC138B136A00A80321 /* PBXTargetDependency */ = {
			isa = PBXTargetDependency;
			name = openFrameworks;
			targetProxy = E4EEB9AB138B136A00A80321 /* PBXContainerItemProxy */;
		};
/* End PBXTargetDependency section */

/* Begin XCBuildConfiguration section */
		E4B69B4E0A3A1720003C02F2 /* Debug */ = {
			isa = XCBuildConfiguration;
			baseConfigurationReference = E4EB6923138AFD0F00A09F29 /* Project.xcconfig */;
			buildSettings = {
				ARCHS = "$(NATIVE_ARCH)";
				CONFIGURATION_BUILD_DIR = "$(SRCROOT)/bin/";
				COPY_PHASE_STRIP = NO;
				DEAD_CODE_STRIPPING = YES;
				GCC_AUTO_VECTORIZATION = YES;
				GCC_ENABLE_SSE3_EXTENSIONS = YES;
				GCC_ENABLE_SUPPLEMENTAL_SSE3_INSTRUCTIONS = YES;
				GCC_INLINES_ARE_PRIVATE_EXTERN = NO;
				GCC_MODEL_TUNING = G5;
				GCC_SYMBOLS_PRIVATE_EXTERN = NO;
				GCC_WARN_ABOUT_DEPRECATED_FUNCTIONS = NO;
				GCC_WARN_ABOUT_INVALID_OFFSETOF_MACRO = NO;
				GCC_WARN_ALLOW_INCOMPLETE_PROTOCOL = NO;
				GCC_WARN_UNINITIALIZED_AUTOS = NO;
				GCC_WARN_UNUSED_VALUE = NO;
				GCC_WARN_UNUSED_VARIABLE = NO;
				OTHER_CPLUSPLUSFLAGS = (
					"-D__MACOSX_CORE__",
					"-lpthread",
				);
				SDKROOT = macosx10.8;
			};
			name = Debug;
		};
		E4B69B4F0A3A1720003C02F2 /* Release */ = {
			isa = XCBuildConfiguration;
			baseConfigurationReference = E4EB6923138AFD0F00A09F29 /* Project.xcconfig */;
			buildSettings = {
				ARCHS = "$(NATIVE_ARCH)";
				CONFIGURATION_BUILD_DIR = "$(SRCROOT)/bin/";
				COPY_PHASE_STRIP = YES;
				DEAD_CODE_STRIPPING = YES;
				GCC_AUTO_VECTORIZATION = YES;
				GCC_ENABLE_SSE3_EXTENSIONS = YES;
				GCC_ENABLE_SUPPLEMENTAL_SSE3_INSTRUCTIONS = YES;
				GCC_INLINES_ARE_PRIVATE_EXTERN = NO;
				GCC_MODEL_TUNING = G5;
				GCC_OPTIMIZATION_LEVEL = 3;
				GCC_SYMBOLS_PRIVATE_EXTERN = NO;
				GCC_UNROLL_LOOPS = YES;
				GCC_WARN_ABOUT_DEPRECATED_FUNCTIONS = NO;
				GCC_WARN_ABOUT_INVALID_OFFSETOF_MACRO = NO;
				GCC_WARN_ALLOW_INCOMPLETE_PROTOCOL = NO;
				GCC_WARN_UNINITIALIZED_AUTOS = NO;
				GCC_WARN_UNUSED_VALUE = NO;
				GCC_WARN_UNUSED_VARIABLE = NO;
				OTHER_CPLUSPLUSFLAGS = (
					"-D__MACOSX_CORE__",
					"-lpthread",
				);
				SDKROOT = macosx10.8;
			};
			name = Release;
		};
		E4B69B600A3A1757003C02F2 /* Debug */ = {
			isa = XCBuildConfiguration;
			buildSettings = {
				COPY_PHASE_STRIP = NO;
				FRAMEWORK_SEARCH_PATHS = (
					"$(inherited)",
					"$(FRAMEWORK_SEARCH_PATHS_QUOTED_FOR_TARGET_1)",
				);
				FRAMEWORK_SEARCH_PATHS_QUOTED_FOR_TARGET_1 = "\"$(SRCROOT)/../../../libs/glut/lib/osx\"";
				GCC_DYNAMIC_NO_PIC = NO;
				GCC_ENABLE_FIX_AND_CONTINUE = YES;
				GCC_GENERATE_DEBUGGING_SYMBOLS = YES;
				GCC_MODEL_TUNING = G4;
				GCC_PRECOMPILE_PREFIX_HEADER = YES;
				GCC_PREFIX_HEADER = "$(SYSTEM_LIBRARY_DIR)/Frameworks/Carbon.framework/Headers/Carbon.h";
				INFOPLIST_FILE = "openFrameworks-Info.plist";
				INSTALL_PATH = "$(HOME)/Applications";
				LIBRARY_SEARCH_PATHS = (
					"$(inherited)",
					"$(LIBRARY_SEARCH_PATHS_QUOTED_FOR_TARGET_1)",
					"$(LIBRARY_SEARCH_PATHS_QUOTED_FOR_TARGET_2)",
					"$(LIBRARY_SEARCH_PATHS_QUOTED_FOR_TARGET_3)",
					"$(LIBRARY_SEARCH_PATHS_QUOTED_FOR_TARGET_4)",
					"$(LIBRARY_SEARCH_PATHS_QUOTED_FOR_TARGET_5)",
					"$(LIBRARY_SEARCH_PATHS_QUOTED_FOR_TARGET_6)",
					"$(LIBRARY_SEARCH_PATHS_QUOTED_FOR_TARGET_7)",
					"$(LIBRARY_SEARCH_PATHS_QUOTED_FOR_TARGET_8)",
					"$(LIBRARY_SEARCH_PATHS_QUOTED_FOR_TARGET_9)",
					"$(LIBRARY_SEARCH_PATHS_QUOTED_FOR_TARGET_10)",
					"$(LIBRARY_SEARCH_PATHS_QUOTED_FOR_TARGET_11)",
					"$(LIBRARY_SEARCH_PATHS_QUOTED_FOR_TARGET_12)",
					"$(LIBRARY_SEARCH_PATHS_QUOTED_FOR_TARGET_13)",
					"$(LIBRARY_SEARCH_PATHS_QUOTED_FOR_TARGET_14)",
					"$(LIBRARY_SEARCH_PATHS_QUOTED_FOR_TARGET_15)",
					"$(LIBRARY_SEARCH_PATHS_QUOTED_FOR_TARGET_2)",
					"$(LIBRARY_SEARCH_PATHS_QUOTED_FOR_TARGET_3)",
					"$(LIBRARY_SEARCH_PATHS_QUOTED_FOR_TARGET_7)",
					"$(LIBRARY_SEARCH_PATHS_QUOTED_FOR_TARGET_8)",
					"$(LIBRARY_SEARCH_PATHS_QUOTED_FOR_TARGET_9)",
					"$(LIBRARY_SEARCH_PATHS_QUOTED_FOR_TARGET_10)",
					"$(LIBRARY_SEARCH_PATHS_QUOTED_FOR_TARGET_11)",
					"$(LIBRARY_SEARCH_PATHS_QUOTED_FOR_TARGET_12)",
					"$(LIBRARY_SEARCH_PATHS_QUOTED_FOR_TARGET_13)",
					"$(LIBRARY_SEARCH_PATHS_QUOTED_FOR_TARGET_16)",
					"$(LIBRARY_SEARCH_PATHS_QUOTED_FOR_TARGET_17)",
					"$(LIBRARY_SEARCH_PATHS_QUOTED_FOR_TARGET_18)",
					"$(LIBRARY_SEARCH_PATHS_QUOTED_FOR_TARGET_19)",
					"$(LIBRARY_SEARCH_PATHS_QUOTED_FOR_TARGET_20)",
					"$(LIBRARY_SEARCH_PATHS_QUOTED_FOR_TARGET_21)",
					"$(LIBRARY_SEARCH_PATHS_QUOTED_FOR_TARGET_22)",
					"$(LIBRARY_SEARCH_PATHS_QUOTED_FOR_TARGET_23)",
					"$(LIBRARY_SEARCH_PATHS_QUOTED_FOR_TARGET_24)",
					"$(LIBRARY_SEARCH_PATHS_QUOTED_FOR_TARGET_25)",
					"$(LIBRARY_SEARCH_PATHS_QUOTED_FOR_TARGET_26)",
					"$(LIBRARY_SEARCH_PATHS_QUOTED_FOR_TARGET_27)",
					"$(LIBRARY_SEARCH_PATHS_QUOTED_FOR_TARGET_28)",
					"$(LIBRARY_SEARCH_PATHS_QUOTED_FOR_TARGET_29)",
					"$(LIBRARY_SEARCH_PATHS_QUOTED_FOR_TARGET_30)",
					"$(LIBRARY_SEARCH_PATHS_QUOTED_FOR_TARGET_31)",
					"$(LIBRARY_SEARCH_PATHS_QUOTED_FOR_TARGET_32)",
					"$(LIBRARY_SEARCH_PATHS_QUOTED_FOR_TARGET_33)",
					"$(LIBRARY_SEARCH_PATHS_QUOTED_FOR_TARGET_34)",
					"$(LIBRARY_SEARCH_PATHS_QUOTED_FOR_TARGET_35)",
					"$(LIBRARY_SEARCH_PATHS_QUOTED_FOR_TARGET_36)",
					"$(LIBRARY_SEARCH_PATHS_QUOTED_FOR_TARGET_37)",
					"$(LIBRARY_SEARCH_PATHS_QUOTED_FOR_TARGET_38)",
					"$(LIBRARY_SEARCH_PATHS_QUOTED_FOR_TARGET_39)",
					"$(LIBRARY_SEARCH_PATHS_QUOTED_FOR_TARGET_40)",
					"$(LIBRARY_SEARCH_PATHS_QUOTED_FOR_TARGET_41)",
					"$(LIBRARY_SEARCH_PATHS_QUOTED_FOR_TARGET_42)",
					"$(LIBRARY_SEARCH_PATHS_QUOTED_FOR_TARGET_43)",
					"$(LIBRARY_SEARCH_PATHS_QUOTED_FOR_TARGET_44)",
					"$(LIBRARY_SEARCH_PATHS_QUOTED_FOR_TARGET_45)",
					"$(LIBRARY_SEARCH_PATHS_QUOTED_FOR_TARGET_46)",
					"$(LIBRARY_SEARCH_PATHS_QUOTED_FOR_TARGET_47)",
					"$(LIBRARY_SEARCH_PATHS_QUOTED_FOR_TARGET_48)",
					"$(LIBRARY_SEARCH_PATHS_QUOTED_FOR_TARGET_49)",
					"$(LIBRARY_SEARCH_PATHS_QUOTED_FOR_TARGET_50)",
					"$(LIBRARY_SEARCH_PATHS_QUOTED_FOR_TARGET_51)",
					"$(LIBRARY_SEARCH_PATHS_QUOTED_FOR_TARGET_52)",
					"$(LIBRARY_SEARCH_PATHS_QUOTED_FOR_TARGET_1)",
					"$(LIBRARY_SEARCH_PATHS_QUOTED_FOR_TARGET_2)",
					"$(LIBRARY_SEARCH_PATHS_QUOTED_FOR_TARGET_3)",
				);
				LIBRARY_SEARCH_PATHS_QUOTED_FOR_TARGET_1 = "\"$(SRCROOT)/../../../addons/ofxJavascript/libs/javascript/lib/osx\"";
				LIBRARY_SEARCH_PATHS_QUOTED_FOR_TARGET_2 = "\"$(SRCROOT)/../../../addons/ofxJavascript/libs/javascript/lib/win32\"";
				LIBRARY_SEARCH_PATHS_QUOTED_FOR_TARGET_3 = "\"$(SRCROOT)/../../../addons/ofxOsc/libs/oscpack/lib/osx\"";
				PREBINDING = NO;
				PRODUCT_NAME = "$(TARGET_NAME)Debug";
				WRAPPER_EXTENSION = app;
			};
			name = Debug;
		};
		E4B69B610A3A1757003C02F2 /* Release */ = {
			isa = XCBuildConfiguration;
			buildSettings = {
				COPY_PHASE_STRIP = YES;
				FRAMEWORK_SEARCH_PATHS = (
					"$(inherited)",
					"$(FRAMEWORK_SEARCH_PATHS_QUOTED_FOR_TARGET_1)",
				);
				FRAMEWORK_SEARCH_PATHS_QUOTED_FOR_TARGET_1 = "\"$(SRCROOT)/../../../libs/glut/lib/osx\"";
				GCC_ENABLE_FIX_AND_CONTINUE = NO;
				GCC_GENERATE_DEBUGGING_SYMBOLS = NO;
				GCC_MODEL_TUNING = G4;
				GCC_PRECOMPILE_PREFIX_HEADER = YES;
				GCC_PREFIX_HEADER = "$(SYSTEM_LIBRARY_DIR)/Frameworks/Carbon.framework/Headers/Carbon.h";
				INFOPLIST_FILE = "openFrameworks-Info.plist";
				INSTALL_PATH = "$(HOME)/Applications";
				LIBRARY_SEARCH_PATHS = (
					"$(inherited)",
					"$(LIBRARY_SEARCH_PATHS_QUOTED_FOR_TARGET_1)",
					"$(LIBRARY_SEARCH_PATHS_QUOTED_FOR_TARGET_2)",
					"$(LIBRARY_SEARCH_PATHS_QUOTED_FOR_TARGET_3)",
					"$(LIBRARY_SEARCH_PATHS_QUOTED_FOR_TARGET_4)",
					"$(LIBRARY_SEARCH_PATHS_QUOTED_FOR_TARGET_5)",
					"$(LIBRARY_SEARCH_PATHS_QUOTED_FOR_TARGET_6)",
					"$(LIBRARY_SEARCH_PATHS_QUOTED_FOR_TARGET_7)",
					"$(LIBRARY_SEARCH_PATHS_QUOTED_FOR_TARGET_8)",
					"$(LIBRARY_SEARCH_PATHS_QUOTED_FOR_TARGET_9)",
					"$(LIBRARY_SEARCH_PATHS_QUOTED_FOR_TARGET_10)",
					"$(LIBRARY_SEARCH_PATHS_QUOTED_FOR_TARGET_11)",
					"$(LIBRARY_SEARCH_PATHS_QUOTED_FOR_TARGET_12)",
					"$(LIBRARY_SEARCH_PATHS_QUOTED_FOR_TARGET_13)",
					"$(LIBRARY_SEARCH_PATHS_QUOTED_FOR_TARGET_14)",
					"$(LIBRARY_SEARCH_PATHS_QUOTED_FOR_TARGET_15)",
					"$(LIBRARY_SEARCH_PATHS_QUOTED_FOR_TARGET_2)",
					"$(LIBRARY_SEARCH_PATHS_QUOTED_1)",
					"$(LIBRARY_SEARCH_PATHS_QUOTED_FOR_TARGET_3)",
					"$(LIBRARY_SEARCH_PATHS_QUOTED_FOR_TARGET_7)",
					"$(LIBRARY_SEARCH_PATHS_QUOTED_FOR_TARGET_8)",
					"$(LIBRARY_SEARCH_PATHS_QUOTED_FOR_TARGET_9)",
					"$(LIBRARY_SEARCH_PATHS_QUOTED_FOR_TARGET_10)",
					"$(LIBRARY_SEARCH_PATHS_QUOTED_FOR_TARGET_11)",
					"$(LIBRARY_SEARCH_PATHS_QUOTED_FOR_TARGET_12)",
					"$(LIBRARY_SEARCH_PATHS_QUOTED_FOR_TARGET_13)",
					"$(LIBRARY_SEARCH_PATHS_QUOTED_FOR_TARGET_16)",
					"$(LIBRARY_SEARCH_PATHS_QUOTED_FOR_TARGET_17)",
					"$(LIBRARY_SEARCH_PATHS_QUOTED_FOR_TARGET_18)",
					"$(LIBRARY_SEARCH_PATHS_QUOTED_FOR_TARGET_19)",
					"$(LIBRARY_SEARCH_PATHS_QUOTED_FOR_TARGET_20)",
					"$(LIBRARY_SEARCH_PATHS_QUOTED_FOR_TARGET_21)",
					"$(LIBRARY_SEARCH_PATHS_QUOTED_FOR_TARGET_22)",
					"$(LIBRARY_SEARCH_PATHS_QUOTED_FOR_TARGET_23)",
					"$(LIBRARY_SEARCH_PATHS_QUOTED_FOR_TARGET_24)",
					"$(LIBRARY_SEARCH_PATHS_QUOTED_FOR_TARGET_25)",
					"$(LIBRARY_SEARCH_PATHS_QUOTED_FOR_TARGET_26)",
					"$(LIBRARY_SEARCH_PATHS_QUOTED_FOR_TARGET_27)",
					"$(LIBRARY_SEARCH_PATHS_QUOTED_FOR_TARGET_28)",
					"$(LIBRARY_SEARCH_PATHS_QUOTED_FOR_TARGET_29)",
					"$(LIBRARY_SEARCH_PATHS_QUOTED_FOR_TARGET_30)",
					"$(LIBRARY_SEARCH_PATHS_QUOTED_FOR_TARGET_31)",
					"$(LIBRARY_SEARCH_PATHS_QUOTED_FOR_TARGET_32)",
					"$(LIBRARY_SEARCH_PATHS_QUOTED_FOR_TARGET_33)",
					"$(LIBRARY_SEARCH_PATHS_QUOTED_FOR_TARGET_34)",
					"$(LIBRARY_SEARCH_PATHS_QUOTED_FOR_TARGET_35)",
					"$(LIBRARY_SEARCH_PATHS_QUOTED_FOR_TARGET_36)",
					"$(LIBRARY_SEARCH_PATHS_QUOTED_FOR_TARGET_37)",
					"$(LIBRARY_SEARCH_PATHS_QUOTED_FOR_TARGET_38)",
					"$(LIBRARY_SEARCH_PATHS_QUOTED_FOR_TARGET_39)",
					"$(LIBRARY_SEARCH_PATHS_QUOTED_FOR_TARGET_40)",
					"$(LIBRARY_SEARCH_PATHS_QUOTED_FOR_TARGET_41)",
					"$(LIBRARY_SEARCH_PATHS_QUOTED_FOR_TARGET_42)",
					"$(LIBRARY_SEARCH_PATHS_QUOTED_FOR_TARGET_43)",
					"$(LIBRARY_SEARCH_PATHS_QUOTED_FOR_TARGET_44)",
					"$(LIBRARY_SEARCH_PATHS_QUOTED_FOR_TARGET_45)",
					"$(LIBRARY_SEARCH_PATHS_QUOTED_FOR_TARGET_46)",
					"$(LIBRARY_SEARCH_PATHS_QUOTED_FOR_TARGET_47)",
					"$(LIBRARY_SEARCH_PATHS_QUOTED_FOR_TARGET_48)",
					"$(LIBRARY_SEARCH_PATHS_QUOTED_FOR_TARGET_49)",
					"$(LIBRARY_SEARCH_PATHS_QUOTED_FOR_TARGET_50)",
					"$(LIBRARY_SEARCH_PATHS_QUOTED_FOR_TARGET_51)",
					"$(LIBRARY_SEARCH_PATHS_QUOTED_FOR_TARGET_1)",
					"$(LIBRARY_SEARCH_PATHS_QUOTED_FOR_TARGET_2)",
					"$(LIBRARY_SEARCH_PATHS_QUOTED_FOR_TARGET_3)",
				);
				LIBRARY_SEARCH_PATHS_QUOTED_FOR_TARGET_1 = "\"$(SRCROOT)/../../../addons/ofxJavascript/libs/javascript/lib/osx\"";
				LIBRARY_SEARCH_PATHS_QUOTED_FOR_TARGET_2 = "\"$(SRCROOT)/../../../addons/ofxJavascript/libs/javascript/lib/win32\"";
				LIBRARY_SEARCH_PATHS_QUOTED_FOR_TARGET_3 = "\"$(SRCROOT)/../../../addons/ofxOsc/libs/oscpack/lib/osx\"";
				PREBINDING = NO;
				PRODUCT_NAME = "$(TARGET_NAME)";
				WRAPPER_EXTENSION = app;
			};
			name = Release;
		};
/* End XCBuildConfiguration section */

/* Begin XCConfigurationList section */
		E4B69B4D0A3A1720003C02F2 /* Build configuration list for PBXProject "liveCoding007" */ = {
			isa = XCConfigurationList;
			buildConfigurations = (
				E4B69B4E0A3A1720003C02F2 /* Debug */,
				E4B69B4F0A3A1720003C02F2 /* Release */,
			);
			defaultConfigurationIsVisible = 0;
			defaultConfigurationName = Release;
		};
		E4B69B5F0A3A1757003C02F2 /* Build configuration list for PBXNativeTarget "liveCoding" */ = {
			isa = XCConfigurationList;
			buildConfigurations = (
				E4B69B600A3A1757003C02F2 /* Debug */,
				E4B69B610A3A1757003C02F2 /* Release */,
			);
			defaultConfigurationIsVisible = 0;
			defaultConfigurationName = Release;
		};
/* End XCConfigurationList section */
	};
	rootObject = E4B69B4C0A3A1720003C02F2 /* Project object */;
}
